
Microsoft Visual Studio Solution File, Format Version 12.00
# Visual Studio Version 17
VisualStudioVersion = 17.2.32516.85
MinimumVisualStudioVersion = 10.0.40219.1
Project("{9A19103F-16F7-4668-BE54-9A1E7A4F7556}") = "FrontEnd", "FrontEnd.csproj", "{F10504A6-FAEF-4C79-8821-B49380F3DB69}"
EndProject
Project("{9A19103F-16F7-4668-BE54-9A1E7A4F7556}") = "FrontBackClassLib", "..\FrontBackClassLib\FrontBackClassLib.csproj", "{7858CCFB-B032-482F-9F34-FD70D8B23064}"
EndProject
Global
	GlobalSection(SolutionConfigurationPlatforms) = preSolution
		Debug|Any CPU = Debug|Any CPU
		Release|Any CPU = Release|Any CPU
	EndGlobalSection
	GlobalSection(ProjectConfigurationPlatforms) = postSolution
		{F10504A6-FAEF-4C79-8821-B49380F3DB69}.Debug|Any CPU.ActiveCfg = Debug|Any CPU
		{F10504A6-FAEF-4C79-8821-B49380F3DB69}.Debug|Any CPU.Build.0 = Debug|Any CPU
		{F10504A6-FAEF-4C79-8821-B49380F3DB69}.Release|Any CPU.ActiveCfg = Release|Any CPU
		{F10504A6-FAEF-4C79-8821-B49380F3DB69}.Release|Any CPU.Build.0 = Release|Any CPU
		{7858CCFB-B032-482F-9F34-FD70D8B23064}.Debug|Any CPU.ActiveCfg = Debug|Any CPU
		{7858CCFB-B032-482F-9F34-FD70D8B23064}.Debug|Any CPU.Build.0 = Debug|Any CPU
		{7858CCFB-B032-482F-9F34-FD70D8B23064}.Release|Any CPU.ActiveCfg = Release|Any CPU
		{7858CCFB-B032-482F-9F34-FD70D8B23064}.Release|Any CPU.Build.0 = Release|Any CPU
	EndGlobalSection
	GlobalSection(SolutionProperties) = preSolution
		HideSolutionNode = FALSE
	EndGlobalSection
	GlobalSection(ExtensibilityGlobals) = postSolution
		SolutionGuid = {ED5CA5DF-DDE1-4226-987A-59E2E279E7AC}
	EndGlobalSection
EndGlobal
